
Microsoft Visual Studio Solution File, Format Version 12.00
# Visual Studio 15
VisualStudioVersion = 15.0.26228.4
MinimumVisualStudioVersion = 10.0.40219.1
Project("{FAE04EC0-301F-11D3-BF4B-00C04F79EFBC}") = "DungClientForDotNet", "DungClientForDotNet\DungClientForDotNet.csproj", "{F496D119-C9EC-4F56-AE08-B344A828985E}"
EndProject
Project("{FAE04EC0-301F-11D3-BF4B-00C04F79EFBC}") = "SampleForFramework", "SampleForFramework\SampleForFramework.csproj", "{2CFCA939-F710-4A42-858F-5D3F9030E701}"
EndProject
Project("{FAE04EC0-301F-11D3-BF4B-00C04F79EFBC}") = "SampleForCore", "SampleForCore\SampleForCore.csproj", "{C03EEE12-AE18-4AFC-B9B5-FAB2CFAFA65C}"
EndProject
Global
	GlobalSection(SolutionConfigurationPlatforms) = preSolution
		Debug|Any CPU = Debug|Any CPU
		Release|Any CPU = Release|Any CPU
	EndGlobalSection
	GlobalSection(ProjectConfigurationPlatforms) = postSolution
		{F496D119-C9EC-4F56-AE08-B344A828985E}.Debug|Any CPU.ActiveCfg = Debug|Any CPU
		{F496D119-C9EC-4F56-AE08-B344A828985E}.Debug|Any CPU.Build.0 = Debug|Any CPU
		{F496D119-C9EC-4F56-AE08-B344A828985E}.Release|Any CPU.ActiveCfg = Release|Any CPU
		{F496D119-C9EC-4F56-AE08-B344A828985E}.Release|Any CPU.Build.0 = Release|Any CPU
		{2CFCA939-F710-4A42-858F-5D3F9030E701}.Debug|Any CPU.ActiveCfg = Debug|Any CPU
		{2CFCA939-F710-4A42-858F-5D3F9030E701}.Debug|Any CPU.Build.0 = Debug|Any CPU
		{2CFCA939-F710-4A42-858F-5D3F9030E701}.Release|Any CPU.ActiveCfg = Release|Any CPU
		{2CFCA939-F710-4A42-858F-5D3F9030E701}.Release|Any CPU.Build.0 = Release|Any CPU
		{C03EEE12-AE18-4AFC-B9B5-FAB2CFAFA65C}.Debug|Any CPU.ActiveCfg = Debug|Any CPU
		{C03EEE12-AE18-4AFC-B9B5-FAB2CFAFA65C}.Debug|Any CPU.Build.0 = Debug|Any CPU
		{C03EEE12-AE18-4AFC-B9B5-FAB2CFAFA65C}.Release|Any CPU.ActiveCfg = Release|Any CPU
		{C03EEE12-AE18-4AFC-B9B5-FAB2CFAFA65C}.Release|Any CPU.Build.0 = Release|Any CPU
	EndGlobalSection
	GlobalSection(SolutionProperties) = preSolution
		HideSolutionNode = FALSE
	EndGlobalSection
EndGlobal
